
Microsoft Visual Studio Solution File, Format Version 12.00
# Visual Studio Version 17
VisualStudioVersion = 17.4.33403.182
MinimumVisualStudioVersion = 10.0.40219.1
Project("{9A19103F-16F7-4668-BE54-9A1E7A4F7556}") = "Atividade", "Atividade.csproj", "{FAE42752-A86D-495E-A357-5FEE2A9F8ABA}"
EndProject
Global
	GlobalSection(SolutionConfigurationPlatforms) = preSolution
		Debug|Any CPU = Debug|Any CPU
		Release|Any CPU = Release|Any CPU
	EndGlobalSection
	GlobalSection(ProjectConfigurationPlatforms) = postSolution
		{FAE42752-A86D-495E-A357-5FEE2A9F8ABA}.Debug|Any CPU.ActiveCfg = Debug|Any CPU
		{FAE42752-A86D-495E-A357-5FEE2A9F8ABA}.Debug|Any CPU.Build.0 = Debug|Any CPU
		{FAE42752-A86D-495E-A357-5FEE2A9F8ABA}.Release|Any CPU.ActiveCfg = Release|Any CPU
		{FAE42752-A86D-495E-A357-5FEE2A9F8ABA}.Release|Any CPU.Build.0 = Release|Any CPU
	EndGlobalSection
	GlobalSection(SolutionProperties) = preSolution
		HideSolutionNode = FALSE
	EndGlobalSection
	GlobalSection(ExtensibilityGlobals) = postSolution
		SolutionGuid = {CB3F3F4B-3D1C-4391-B2B1-2B26760F2B85}
	EndGlobalSection
EndGlobal
